
Microsoft Visual Studio Solution File, Format Version 12.00
# Visual Studio 2013
VisualStudioVersion = 12.0.21005.1
MinimumVisualStudioVersion = 10.0.40219.1
Project("{D2ABAB84-BF74-430A-B69E-9DC6D40DDA17}") = "ProyectoMultidimensional1", "ProyectoMultidimensional1\ProyectoMultidimensional1.dwproj", "{9D27661A-3270-4947-8E63-F1D1A8A218D0}"
EndProject
Global
	GlobalSection(SolutionConfigurationPlatforms) = preSolution
		Development|Default = Development|Default
	EndGlobalSection
	GlobalSection(ProjectConfigurationPlatforms) = postSolution
		{9D27661A-3270-4947-8E63-F1D1A8A218D0}.Development|Default.ActiveCfg = Development
		{9D27661A-3270-4947-8E63-F1D1A8A218D0}.Development|Default.Build.0 = Development
		{9D27661A-3270-4947-8E63-F1D1A8A218D0}.Development|Default.Deploy.0 = Development
	EndGlobalSection
	GlobalSection(SolutionProperties) = preSolution
		HideSolutionNode = FALSE
	EndGlobalSection
EndGlobal
