
Microsoft Visual Studio Solution File, Format Version 12.00
# Visual Studio 2013
VisualStudioVersion = 12.0.21005.1
MinimumVisualStudioVersion = 10.0.40219.1
Project("{159641D6-6404-4A2A-AE62-294DE0FE8301}") = "Proyecto de Integration Services4", "Proyecto de Integration Services4\Proyecto de Integration Services4.dtproj", "{E79B88AE-1D0B-4327-9090-28FD12B6806B}"
EndProject
Global
	GlobalSection(SolutionConfigurationPlatforms) = preSolution
		Development|Default = Development|Default
	EndGlobalSection
	GlobalSection(ProjectConfigurationPlatforms) = postSolution
		{E79B88AE-1D0B-4327-9090-28FD12B6806B}.Development|Default.ActiveCfg = Development
		{E79B88AE-1D0B-4327-9090-28FD12B6806B}.Development|Default.Build.0 = Development
	EndGlobalSection
	GlobalSection(SolutionProperties) = preSolution
		HideSolutionNode = FALSE
	EndGlobalSection
EndGlobal
